%{
  "chain_util": {:git, "https://github.com/StelaPlatform/chain_util.git", "6fec51a16db87f0829107065dde9a5a09bb16dab", [tag: "v0.1.0"]},
  "con_cache": {:hex, :con_cache, "0.13.1", "047e097ab2a8c6876e12d0c29e29a86d487b592df97b98e3e2abedad574e215d", [:mix], [], "hexpm", "d3c19f04153b691d7bfdb15bcfc3b8fea503b0b51635115393809af7eabe2f37"},
  "decimal": {:hex, :decimal, "2.0.0", "a78296e617b0f5dd4c6caf57c714431347912ffb1d0842e998e9792b5642d697", [:mix], [], "hexpm", "34666e9c55dea81013e77d9d87370fe6cb6291d1ef32f46a1600230b1d44f577"},
  "ecto": {:hex, :ecto, "3.9.4", "3ee68e25dbe0c36f980f1ba5dd41ee0d3eb0873bccae8aeaf1a2647242bffa35", [:mix], [{:decimal, "~> 1.6 or ~> 2.0", [hex: :decimal, repo: "hexpm", optional: false]}, {:jason, "~> 1.0", [hex: :jason, repo: "hexpm", optional: true]}, {:telemetry, "~> 0.4 or ~> 1.0", [hex: :telemetry, repo: "hexpm", optional: false]}], "hexpm", "de5f988c142a3aa4ec18b85a4ec34a2390b65b24f02385c1144252ff6ff8ee75"},
  "keccakf1600": {:hex, :keccakf1600_diode_fork, "2.1.2", "eaf464909b30fecb8410999febabd4cd0792029d9de0e7a09f5e9e212d83caaf", [:rebar3], [], "hexpm", "78b91fd0ce7206f0f51c594a767be75cd48ce69fef5a4f952c2f83aa8076b0f9"},
  "poison": {:hex, :poison, "5.0.0", "d2b54589ab4157bbb82ec2050757779bfed724463a544b6e20d79855a9e43b24", [:mix], [{:decimal, "~> 2.0", [hex: :decimal, repo: "hexpm", optional: true]}], "hexpm", "11dc6117c501b80c62a7594f941d043982a1bd05a1184280c0d9166eb4d8d3fc"},
  "telemetry": {:hex, :telemetry, "1.2.0", "a8ce551485a9a3dac8d523542de130eafd12e40bbf76cf0ecd2528f24e812a44", [:rebar3], [], "hexpm", "1427e73667b9a2002cf1f26694c422d5c905df889023903c4518921d53e3e883"},
  "utility_belt": {:hex, :utility_belt, "0.16.0", "76f674ae6d17e299529eda623986730af7116b4bc07c65cf98ed94465dfc8e09", [:mix], [{:argon2_elixir, "~> 1.3", [hex: :argon2_elixir, repo: "hexpm", optional: true]}, {:bcrypt_elixir, "~> 1.1", [hex: :bcrypt_elixir, repo: "hexpm", optional: true]}, {:cipher, "~> 1.4", [hex: :cipher, repo: "hexpm", optional: true]}, {:comeonin, "~> 4.1", [hex: :comeonin, repo: "hexpm", optional: true]}, {:con_cache, "~> 0.13.0", [hex: :con_cache, repo: "hexpm", optional: false]}, {:ecto, "~> 3.0", [hex: :ecto, repo: "hexpm", optional: false]}, {:ecto_sql, "~> 3.0", [hex: :ecto_sql, repo: "hexpm", optional: true]}, {:ex_datadog_plug, "~> 0.5.0", [hex: :ex_datadog_plug, repo: "hexpm", optional: true]}, {:joken, "~> 1.5", [hex: :joken, repo: "hexpm", optional: true]}, {:not_qwerty123, "~> 2.3", [hex: :not_qwerty123, repo: "hexpm", optional: true]}, {:plug, "~> 1.7", [hex: :plug, repo: "hexpm", optional: true]}, {:postgrex, "~> 0.14", [hex: :postgrex, repo: "hexpm", optional: true]}, {:recase, "~> 0.6.0", [hex: :recase, repo: "hexpm", optional: true]}], "hexpm", "a05f5f4b169f744898b3b30656dc69af82738c5f02c4c599625f13147700d8c1"},
}
